
Microsoft Visual Studio Solution File, Format Version 12.00
# Visual Studio Version 17
VisualStudioVersion = 17.4.33403.182
MinimumVisualStudioVersion = 10.0.40219.1
Project("{9A19103F-16F7-4668-BE54-9A1E7A4F7556}") = "TheTwistedBean.Core.Tests", "TheTwistedBean.Core.Tests\TheTwistedBean.Core.Tests.csproj", "{8CF41AF3-8486-42C0-AA36-F05E25273A55}"
EndProject
Project("{FAE04EC0-301F-11D3-BF4B-00C04F79EFBC}") = "TheTwistedBean.Core", "TheTwistedBean.Core\TheTwistedBean.Core.csproj", "{49A8379F-D05E-4793-8830-63EE28864BEE}"
EndProject
Global
	GlobalSection(SolutionConfigurationPlatforms) = preSolution
		Debug|Any CPU = Debug|Any CPU
		Release|Any CPU = Release|Any CPU
	EndGlobalSection
	GlobalSection(ProjectConfigurationPlatforms) = postSolution
		{8CF41AF3-8486-42C0-AA36-F05E25273A55}.Debug|Any CPU.ActiveCfg = Debug|Any CPU
		{8CF41AF3-8486-42C0-AA36-F05E25273A55}.Debug|Any CPU.Build.0 = Debug|Any CPU
		{8CF41AF3-8486-42C0-AA36-F05E25273A55}.Release|Any CPU.ActiveCfg = Release|Any CPU
		{8CF41AF3-8486-42C0-AA36-F05E25273A55}.Release|Any CPU.Build.0 = Release|Any CPU
		{49A8379F-D05E-4793-8830-63EE28864BEE}.Debug|Any CPU.ActiveCfg = Debug|Any CPU
		{49A8379F-D05E-4793-8830-63EE28864BEE}.Debug|Any CPU.Build.0 = Debug|Any CPU
		{49A8379F-D05E-4793-8830-63EE28864BEE}.Release|Any CPU.ActiveCfg = Release|Any CPU
		{49A8379F-D05E-4793-8830-63EE28864BEE}.Release|Any CPU.Build.0 = Release|Any CPU
	EndGlobalSection
	GlobalSection(SolutionProperties) = preSolution
		HideSolutionNode = FALSE
	EndGlobalSection
	GlobalSection(ExtensibilityGlobals) = postSolution
		SolutionGuid = {719611DB-2C13-43E8-8A20-DE9F2C274C52}
	EndGlobalSection
EndGlobal
